<?xml version="1.0" encoding="utf-8"?>
<Project ToolsVersion="4.0" xmlns="http://schemas.microsoft.com/developer/msbuild/2003">
  <ItemGroup>
    <Filter Include="源文件">
      <UniqueIdentifier>{4FC737F1-C7A5-4376-A066-2A32D752A2FF}</UniqueIdentifier>
      <Extensions>cpp;c;cc;cxx;def;odl;idl;hpj;bat;asm;asmx</Extensions>
    </Filter>
    <Filter Include="头文件">
      <UniqueIdentifier>{93995380-89BD-4b04-88EB-625FBE52EBFB}</UniqueIdentifier>
      <Extensions>h;hpp;hxx;hm;inl;inc;xsd</Extensions>
    </Filter>
    <Filter Include="资源文件">
      <UniqueIdentifier>{67DA6AB6-F800-4c08-8B7A-83BB121AAD01}</UniqueIdentifier>
      <Extensions>rc;ico;cur;bmp;dlg;rc2;rct;bin;rgs;gif;jpg;jpeg;jpe;resx;tiff;tif;png;wav;mfcribbon-ms</Extensions>
    </Filter>
    <Filter Include="GridCtrl">
      <UniqueIdentifier>{1132e4e5-cecf-4762-9877-cbcc8ddb9bcd}</UniqueIdentifier>
    </Filter>
  </ItemGroup>
  <ItemGroup>
    <None Include="ReadMe.txt" />
    <None Include="UserImages.bmp">
      <Filter>资源文件</Filter>
    </None>
    <None Include="res\CarpetControl.rc2">
      <Filter>资源文件</Filter>
    </None>
    <None Include="res\CarpetControlDoc.ico">
      <Filter>资源文件</Filter>
    </None>
    <None Include="res\CarpetControl.ico">
      <Filter>资源文件</Filter>
    </None>
    <None Include="res\Toolbar.bmp">
      <Filter>资源文件</Filter>
    </None>
    <None Include="res\Toolbar256.bmp">
      <Filter>资源文件</Filter>
    </None>
  </ItemGroup>
  <ItemGroup>
    <ClInclude Include="CarpetControl.h">
      <Filter>头文件</Filter>
    </ClInclude>
    <ClInclude Include="stdafx.h">
      <Filter>头文件</Filter>
    </ClInclude>
    <ClInclude Include="targetver.h">
      <Filter>头文件</Filter>
    </ClInclude>
    <ClInclude Include="MainFrm.h">
      <Filter>头文件</Filter>
    </ClInclude>
    <ClInclude Include="ChildFrm.h">
      <Filter>头文件</Filter>
    </ClInclude>
    <ClInclude Include="CarpetControlDoc.h">
      <Filter>头文件</Filter>
    </ClInclude>
    <ClInclude Include="CarpetControlView.h">
      <Filter>头文件</Filter>
    </ClInclude>
    <ClInclude Include="Resource.h">
      <Filter>头文件</Filter>
    </ClInclude>
    <ClInclude Include="inifile.h">
      <Filter>头文件</Filter>
    </ClInclude>
    <ClInclude Include="tstdlibs.h">
      <Filter>头文件</Filter>
    </ClInclude>
    <ClInclude Include="PhraseFrame.h">
      <Filter>头文件</Filter>
    </ClInclude>
    <ClInclude Include="BinaryTree.h">
      <Filter>头文件</Filter>
    </ClInclude>
    <ClInclude Include="clipper.hpp">
      <Filter>头文件</Filter>
    </ClInclude>
    <ClInclude Include="infill.h">
      <Filter>头文件</Filter>
    </ClInclude>
    <ClInclude Include="pathOptimizer.h">
      <Filter>头文件</Filter>
    </ClInclude>
    <ClInclude Include="polygonOptimizer.h">
      <Filter>头文件</Filter>
    </ClInclude>
    <ClInclude Include="PhraseManager.h">
      <Filter>头文件</Filter>
    </ClInclude>
    <ClInclude Include="ControlManager.h">
      <Filter>头文件</Filter>
    </ClInclude>
    <ClInclude Include="GridCtrl_src\GridCellBase.h">
      <Filter>GridCtrl</Filter>
    </ClInclude>
    <ClInclude Include="GridCtrl_src\GridCtrl.h">
      <Filter>GridCtrl</Filter>
    </ClInclude>
    <ClInclude Include="GridCtrl_src\GridDropTarget.h">
      <Filter>GridCtrl</Filter>
    </ClInclude>
    <ClInclude Include="GridCtrl_src\InPlaceEdit.h">
      <Filter>GridCtrl</Filter>
    </ClInclude>
    <ClInclude Include="GridCtrl_src\TitleTip.h">
      <Filter>GridCtrl</Filter>
    </ClInclude>
    <ClInclude Include="GridCtrl_src\CellRange.h">
      <Filter>GridCtrl</Filter>
    </ClInclude>
    <ClInclude Include="GridCtrl_src\GridCell.h">
      <Filter>GridCtrl</Filter>
    </ClInclude>
    <ClInclude Include="GridCtrl_src\MemDC.h">
      <Filter>GridCtrl</Filter>
    </ClInclude>
  </ItemGroup>
  <ItemGroup>
    <ClCompile Include="CarpetControl.cpp">
      <Filter>源文件</Filter>
    </ClCompile>
    <ClCompile Include="stdafx.cpp">
      <Filter>源文件</Filter>
    </ClCompile>
    <ClCompile Include="MainFrm.cpp">
      <Filter>源文件</Filter>
    </ClCompile>
    <ClCompile Include="ChildFrm.cpp">
      <Filter>源文件</Filter>
    </ClCompile>
    <ClCompile Include="CarpetControlDoc.cpp">
      <Filter>源文件</Filter>
    </ClCompile>
    <ClCompile Include="CarpetControlView.cpp">
      <Filter>源文件</Filter>
    </ClCompile>
    <ClCompile Include="inifile.cpp">
      <Filter>源文件</Filter>
    </ClCompile>
    <ClCompile Include="PhraseFrame.cpp">
      <Filter>源文件</Filter>
    </ClCompile>
    <ClCompile Include="clipper.cpp">
      <Filter>源文件</Filter>
    </ClCompile>
    <ClCompile Include="PhraseManager.cpp">
      <Filter>源文件</Filter>
    </ClCompile>
    <ClCompile Include="ControlManager.cpp">
      <Filter>源文件</Filter>
    </ClCompile>
    <ClCompile Include="infill.cpp">
      <Filter>源文件</Filter>
    </ClCompile>
    <ClCompile Include="pathOptimizer.cpp">
      <Filter>源文件</Filter>
    </ClCompile>
    <ClCompile Include="polygonOptimizer.cpp">
      <Filter>源文件</Filter>
    </ClCompile>
    <ClCompile Include="..\include\MXCompoment\ActUtlType_i.c">
      <Filter>源文件</Filter>
    </ClCompile>
    <ClCompile Include="..\include\MXCompoment\ActProgType_i.c">
      <Filter>源文件</Filter>
    </ClCompile>
    <ClCompile Include="GridCtrl_src\GridCellBase.cpp">
      <Filter>GridCtrl</Filter>
    </ClCompile>
    <ClCompile Include="GridCtrl_src\GridCtrl.cpp">
      <Filter>GridCtrl</Filter>
    </ClCompile>
    <ClCompile Include="GridCtrl_src\GridDropTarget.cpp">
      <Filter>GridCtrl</Filter>
    </ClCompile>
    <ClCompile Include="GridCtrl_src\InPlaceEdit.cpp">
      <Filter>GridCtrl</Filter>
    </ClCompile>
    <ClCompile Include="GridCtrl_src\TitleTip.cpp">
      <Filter>GridCtrl</Filter>
    </ClCompile>
    <ClCompile Include="GridCtrl_src\GridCell.cpp">
      <Filter>GridCtrl</Filter>
    </ClCompile>
  </ItemGroup>
  <ItemGroup>
    <ResourceCompile Include="CarpetControl.rc">
      <Filter>资源文件</Filter>
    </ResourceCompile>
  </ItemGroup>
  <ItemGroup>
    <Image Include="res\bullet_green.bmp">
      <Filter>资源文件</Filter>
    </Image>
    <Image Include="res\bullet_red.bmp">
      <Filter>资源文件</Filter>
    </Image>
  </ItemGroup>
</Project>